
Microsoft Visual Studio Solution File, Format Version 12.00
# Visual Studio Version 16
VisualStudioVersion = 16.0.30717.126
MinimumVisualStudioVersion = 10.0.40219.1
Project("{FAE04EC0-301F-11D3-BF4B-00C04F79EFBC}") = "CreatioExtensionForVS", "CreatioExtensionForVS\CreatioExtensionForVS.csproj", "{3B1A67F2-D333-40DA-91A4-A39AC348D68B}"
EndProject
Project("{2150E333-8FDC-42A3-9474-1A3956D46DE8}") = "ItemTemplates", "ItemTemplates", "{E4B0B983-8DFF-4D49-9304-B0F02064D0DC}"
EndProject
Project("{2150E333-8FDC-42A3-9474-1A3956D46DE8}") = "ProjectTemplates", "ProjectTemplates", "{4B7A643B-024B-478C-BCBF-6769C4B9C549}"
EndProject
Project("{FAE04EC0-301F-11D3-BF4B-00C04F79EFBC}") = "ConfigurationServiceTemplate", "ItemTemplates\ConfigurationServiceTemplate\ConfigurationServiceTemplate.csproj", "{ADEEE011-7B77-48A8-A945-D274324E2A8D}"
EndProject
Project("{FAE04EC0-301F-11D3-BF4B-00C04F79EFBC}") = "EntityEventListenerTemplate", "ItemTemplates\EntityEventListenerTemplate\EntityEventListenerTemplate.csproj", "{2685956B-C846-45B1-8010-E40BC239D844}"
EndProject
Project("{FAE04EC0-301F-11D3-BF4B-00C04F79EFBC}") = "ExecutorTemplate", "ExecutorTemplate\ExecutorTemplate.csproj", "{50697635-E4C7-4FD3-AD87-4A08C649533F}"
EndProject
Global
	GlobalSection(SolutionConfigurationPlatforms) = preSolution
		Debug|Any CPU = Debug|Any CPU
		Release|Any CPU = Release|Any CPU
	EndGlobalSection
	GlobalSection(ProjectConfigurationPlatforms) = postSolution
		{3B1A67F2-D333-40DA-91A4-A39AC348D68B}.Debug|Any CPU.ActiveCfg = Debug|Any CPU
		{3B1A67F2-D333-40DA-91A4-A39AC348D68B}.Debug|Any CPU.Build.0 = Debug|Any CPU
		{3B1A67F2-D333-40DA-91A4-A39AC348D68B}.Release|Any CPU.ActiveCfg = Release|Any CPU
		{3B1A67F2-D333-40DA-91A4-A39AC348D68B}.Release|Any CPU.Build.0 = Release|Any CPU
		{ADEEE011-7B77-48A8-A945-D274324E2A8D}.Debug|Any CPU.ActiveCfg = Debug|Any CPU
		{ADEEE011-7B77-48A8-A945-D274324E2A8D}.Debug|Any CPU.Build.0 = Debug|Any CPU
		{ADEEE011-7B77-48A8-A945-D274324E2A8D}.Release|Any CPU.ActiveCfg = Release|Any CPU
		{ADEEE011-7B77-48A8-A945-D274324E2A8D}.Release|Any CPU.Build.0 = Release|Any CPU
		{2685956B-C846-45B1-8010-E40BC239D844}.Debug|Any CPU.ActiveCfg = Debug|Any CPU
		{2685956B-C846-45B1-8010-E40BC239D844}.Debug|Any CPU.Build.0 = Debug|Any CPU
		{2685956B-C846-45B1-8010-E40BC239D844}.Release|Any CPU.ActiveCfg = Release|Any CPU
		{2685956B-C846-45B1-8010-E40BC239D844}.Release|Any CPU.Build.0 = Release|Any CPU
		{50697635-E4C7-4FD3-AD87-4A08C649533F}.Debug|Any CPU.ActiveCfg = Debug|Any CPU
		{50697635-E4C7-4FD3-AD87-4A08C649533F}.Debug|Any CPU.Build.0 = Debug|Any CPU
		{50697635-E4C7-4FD3-AD87-4A08C649533F}.Release|Any CPU.ActiveCfg = Release|Any CPU
		{50697635-E4C7-4FD3-AD87-4A08C649533F}.Release|Any CPU.Build.0 = Release|Any CPU
	EndGlobalSection
	GlobalSection(SolutionProperties) = preSolution
		HideSolutionNode = FALSE
	EndGlobalSection
	GlobalSection(NestedProjects) = preSolution
		{ADEEE011-7B77-48A8-A945-D274324E2A8D} = {E4B0B983-8DFF-4D49-9304-B0F02064D0DC}
		{2685956B-C846-45B1-8010-E40BC239D844} = {E4B0B983-8DFF-4D49-9304-B0F02064D0DC}
		{50697635-E4C7-4FD3-AD87-4A08C649533F} = {E4B0B983-8DFF-4D49-9304-B0F02064D0DC}
	EndGlobalSection
	GlobalSection(ExtensibilityGlobals) = postSolution
		SolutionGuid = {9658C33C-5FC0-4CBE-A36A-2CE836281C33}
	EndGlobalSection
EndGlobal
